
Microsoft Visual Studio Solution File, Format Version 12.00
# Visual Studio Version 17
VisualStudioVersion = 17.5.33530.505
MinimumVisualStudioVersion = 10.0.40219.1
Project("{2150E333-8FDC-42A3-9474-1A3956D46DE8}") = "Testing", "Testing", "{4C982EF3-840F-43A2-946A-0DD480E1D45E}"
EndProject
Project("{2150E333-8FDC-42A3-9474-1A3956D46DE8}") = "API", "API", "{CD240354-E754-4DA2-8989-4990DB0E98D3}"
EndProject
Project("{2150E333-8FDC-42A3-9474-1A3956D46DE8}") = "Data", "Data", "{DA49ED75-57A7-41E3-A984-11E70A476822}"
EndProject
Project("{2150E333-8FDC-42A3-9474-1A3956D46DE8}") = "Infrastructure", "Infrastructure", "{BD647F45-6867-472C-9996-37C37ED90DE4}"
EndProject
Project("{9A19103F-16F7-4668-BE54-9A1E7A4F7556}") = "WeShopAlot.Testing.WebApis", "MeShopAlot.Testing.WebApis\WeShopAlot.Testing.WebApis.csproj", "{64142820-A021-4050-94C0-237B0682A1B7}"
EndProject
Project("{9A19103F-16F7-4668-BE54-9A1E7A4F7556}") = "WeShopAlot.Testing.Services", "MeShopAlot.Testing.Services\WeShopAlot.Testing.Services.csproj", "{3F160BE1-2C68-4726-B8FE-7F03E6D02614}"
EndProject
Project("{9A19103F-16F7-4668-BE54-9A1E7A4F7556}") = "WeShopAlot.Testing.Repositories", "MeShopAlot.Testing.Repositories\WeShopAlot.Testing.Repositories.csproj", "{B07D23A6-3C6E-4929-B6C1-DB65321B07DA}"
EndProject
Project("{9A19103F-16F7-4668-BE54-9A1E7A4F7556}") = "WeShopAlot.Testing.Shared", "MeShopAlot.Testing.Shared\WeShopAlot.Testing.Shared.csproj", "{E5FD1FA2-C296-4691-86D5-0582953F00E4}"
EndProject
Project("{9A19103F-16F7-4668-BE54-9A1E7A4F7556}") = "WeShopAlot.WebAPI", "WeShopAlot..WebAPI\WeShopAlot.WebAPI.csproj", "{FA229A17-DDF8-4926-AA6B-B78E0619BD2B}"
EndProject
Project("{9A19103F-16F7-4668-BE54-9A1E7A4F7556}") = "WeShopAlot.Data.ConsoleApp", "WeShopAlot.Data.ConsoleApp\WeShopAlot.Data.ConsoleApp.csproj", "{C253C463-8E6D-4C2D-BE3B-28E2A16C0D53}"
EndProject
Project("{9A19103F-16F7-4668-BE54-9A1E7A4F7556}") = "WeShopAlot.Data.Shared", "WeShopAlot.Data.Shared\WeShopAlot.Data.Shared.csproj", "{B611F4F4-BA71-460D-8366-70881C09770E}"
EndProject
Project("{9A19103F-16F7-4668-BE54-9A1E7A4F7556}") = "WeShopAlot.Data", "WeShopAlot.Data\WeShopAlot.Data.csproj", "{0EA801F0-5CE6-4BCB-8CB8-AEDB961713C2}"
EndProject
Project("{9A19103F-16F7-4668-BE54-9A1E7A4F7556}") = "WeShopAlot.Infrastructure.Services", "WeShopAlot.Infrastructure.Services\WeShopAlot.Infrastructure.Services.csproj", "{1DF14110-8B20-451E-8049-499F99086026}"
EndProject
Global
	GlobalSection(SolutionConfigurationPlatforms) = preSolution
		Debug|Any CPU = Debug|Any CPU
		Release|Any CPU = Release|Any CPU
	EndGlobalSection
	GlobalSection(ProjectConfigurationPlatforms) = postSolution
		{64142820-A021-4050-94C0-237B0682A1B7}.Debug|Any CPU.ActiveCfg = Debug|Any CPU
		{64142820-A021-4050-94C0-237B0682A1B7}.Debug|Any CPU.Build.0 = Debug|Any CPU
		{64142820-A021-4050-94C0-237B0682A1B7}.Release|Any CPU.ActiveCfg = Release|Any CPU
		{64142820-A021-4050-94C0-237B0682A1B7}.Release|Any CPU.Build.0 = Release|Any CPU
		{3F160BE1-2C68-4726-B8FE-7F03E6D02614}.Debug|Any CPU.ActiveCfg = Debug|Any CPU
		{3F160BE1-2C68-4726-B8FE-7F03E6D02614}.Debug|Any CPU.Build.0 = Debug|Any CPU
		{3F160BE1-2C68-4726-B8FE-7F03E6D02614}.Release|Any CPU.ActiveCfg = Release|Any CPU
		{3F160BE1-2C68-4726-B8FE-7F03E6D02614}.Release|Any CPU.Build.0 = Release|Any CPU
		{B07D23A6-3C6E-4929-B6C1-DB65321B07DA}.Debug|Any CPU.ActiveCfg = Debug|Any CPU
		{B07D23A6-3C6E-4929-B6C1-DB65321B07DA}.Debug|Any CPU.Build.0 = Debug|Any CPU
		{B07D23A6-3C6E-4929-B6C1-DB65321B07DA}.Release|Any CPU.ActiveCfg = Release|Any CPU
		{B07D23A6-3C6E-4929-B6C1-DB65321B07DA}.Release|Any CPU.Build.0 = Release|Any CPU
		{E5FD1FA2-C296-4691-86D5-0582953F00E4}.Debug|Any CPU.ActiveCfg = Debug|Any CPU
		{E5FD1FA2-C296-4691-86D5-0582953F00E4}.Debug|Any CPU.Build.0 = Debug|Any CPU
		{E5FD1FA2-C296-4691-86D5-0582953F00E4}.Release|Any CPU.ActiveCfg = Release|Any CPU
		{E5FD1FA2-C296-4691-86D5-0582953F00E4}.Release|Any CPU.Build.0 = Release|Any CPU
		{FA229A17-DDF8-4926-AA6B-B78E0619BD2B}.Debug|Any CPU.ActiveCfg = Debug|Any CPU
		{FA229A17-DDF8-4926-AA6B-B78E0619BD2B}.Debug|Any CPU.Build.0 = Debug|Any CPU
		{FA229A17-DDF8-4926-AA6B-B78E0619BD2B}.Release|Any CPU.ActiveCfg = Release|Any CPU
		{FA229A17-DDF8-4926-AA6B-B78E0619BD2B}.Release|Any CPU.Build.0 = Release|Any CPU
		{C253C463-8E6D-4C2D-BE3B-28E2A16C0D53}.Debug|Any CPU.ActiveCfg = Debug|Any CPU
		{C253C463-8E6D-4C2D-BE3B-28E2A16C0D53}.Debug|Any CPU.Build.0 = Debug|Any CPU
		{C253C463-8E6D-4C2D-BE3B-28E2A16C0D53}.Release|Any CPU.ActiveCfg = Release|Any CPU
		{C253C463-8E6D-4C2D-BE3B-28E2A16C0D53}.Release|Any CPU.Build.0 = Release|Any CPU
		{B611F4F4-BA71-460D-8366-70881C09770E}.Debug|Any CPU.ActiveCfg = Debug|Any CPU
		{B611F4F4-BA71-460D-8366-70881C09770E}.Debug|Any CPU.Build.0 = Debug|Any CPU
		{B611F4F4-BA71-460D-8366-70881C09770E}.Release|Any CPU.ActiveCfg = Release|Any CPU
		{B611F4F4-BA71-460D-8366-70881C09770E}.Release|Any CPU.Build.0 = Release|Any CPU
		{0EA801F0-5CE6-4BCB-8CB8-AEDB961713C2}.Debug|Any CPU.ActiveCfg = Debug|Any CPU
		{0EA801F0-5CE6-4BCB-8CB8-AEDB961713C2}.Debug|Any CPU.Build.0 = Debug|Any CPU
		{0EA801F0-5CE6-4BCB-8CB8-AEDB961713C2}.Release|Any CPU.ActiveCfg = Release|Any CPU
		{0EA801F0-5CE6-4BCB-8CB8-AEDB961713C2}.Release|Any CPU.Build.0 = Release|Any CPU
		{1DF14110-8B20-451E-8049-499F99086026}.Debug|Any CPU.ActiveCfg = Debug|Any CPU
		{1DF14110-8B20-451E-8049-499F99086026}.Debug|Any CPU.Build.0 = Debug|Any CPU
		{1DF14110-8B20-451E-8049-499F99086026}.Release|Any CPU.ActiveCfg = Release|Any CPU
		{1DF14110-8B20-451E-8049-499F99086026}.Release|Any CPU.Build.0 = Release|Any CPU
	EndGlobalSection
	GlobalSection(SolutionProperties) = preSolution
		HideSolutionNode = FALSE
	EndGlobalSection
	GlobalSection(NestedProjects) = preSolution
		{64142820-A021-4050-94C0-237B0682A1B7} = {4C982EF3-840F-43A2-946A-0DD480E1D45E}
		{3F160BE1-2C68-4726-B8FE-7F03E6D02614} = {4C982EF3-840F-43A2-946A-0DD480E1D45E}
		{B07D23A6-3C6E-4929-B6C1-DB65321B07DA} = {4C982EF3-840F-43A2-946A-0DD480E1D45E}
		{E5FD1FA2-C296-4691-86D5-0582953F00E4} = {4C982EF3-840F-43A2-946A-0DD480E1D45E}
		{FA229A17-DDF8-4926-AA6B-B78E0619BD2B} = {CD240354-E754-4DA2-8989-4990DB0E98D3}
		{C253C463-8E6D-4C2D-BE3B-28E2A16C0D53} = {DA49ED75-57A7-41E3-A984-11E70A476822}
		{B611F4F4-BA71-460D-8366-70881C09770E} = {DA49ED75-57A7-41E3-A984-11E70A476822}
		{0EA801F0-5CE6-4BCB-8CB8-AEDB961713C2} = {DA49ED75-57A7-41E3-A984-11E70A476822}
		{1DF14110-8B20-451E-8049-499F99086026} = {BD647F45-6867-472C-9996-37C37ED90DE4}
	EndGlobalSection
	GlobalSection(ExtensibilityGlobals) = postSolution
		SolutionGuid = {661D00F8-52B7-40A2-98D0-43F82D970D28}
	EndGlobalSection
EndGlobal
