
Microsoft Visual Studio Solution File, Format Version 12.00
# Visual Studio Version 17
VisualStudioVersion = 17.6.33717.318
MinimumVisualStudioVersion = 10.0.40219.1
Project("{2150E333-8FDC-42A3-9474-1A3956D46DE8}") = "Testing", "Testing", "{4C982EF3-840F-43A2-946A-0DD480E1D45E}"
EndProject
Project("{2150E333-8FDC-42A3-9474-1A3956D46DE8}") = "API", "API", "{CD240354-E754-4DA2-8989-4990DB0E98D3}"
EndProject
Project("{2150E333-8FDC-42A3-9474-1A3956D46DE8}") = "Data", "Data", "{DA49ED75-57A7-41E3-A984-11E70A476822}"
EndProject
Project("{2150E333-8FDC-42A3-9474-1A3956D46DE8}") = "Infrastructure", "Infrastructure", "{BD647F45-6867-472C-9996-37C37ED90DE4}"
EndProject
Project("{9A19103F-16F7-4668-BE54-9A1E7A4F7556}") = "WeShopAlot.WebAPI", "WeShopAlot..WebAPI\WeShopAlot.WebAPI.csproj", "{FA229A17-DDF8-4926-AA6B-B78E0619BD2B}"
EndProject
Project("{9A19103F-16F7-4668-BE54-9A1E7A4F7556}") = "WeShopAlot.Data.ConsoleApp", "WeShopAlot.Data.ConsoleApp\WeShopAlot.Data.ConsoleApp.csproj", "{C253C463-8E6D-4C2D-BE3B-28E2A16C0D53}"
EndProject
Project("{9A19103F-16F7-4668-BE54-9A1E7A4F7556}") = "WeShopAlot.Data.Shared", "WeShopAlot.Data.Shared\WeShopAlot.Data.Shared.csproj", "{B611F4F4-BA71-460D-8366-70881C09770E}"
EndProject
Project("{9A19103F-16F7-4668-BE54-9A1E7A4F7556}") = "WeShopAlot.Data", "WeShopAlot.Data\WeShopAlot.Data.csproj", "{0EA801F0-5CE6-4BCB-8CB8-AEDB961713C2}"
EndProject
Project("{9A19103F-16F7-4668-BE54-9A1E7A4F7556}") = "WeShopAlot.Infrastructure.Services", "WeShopAlot.Infrastructure.Services\WeShopAlot.Infrastructure.Services.csproj", "{1DF14110-8B20-451E-8049-499F99086026}"
EndProject
Project("{9A19103F-16F7-4668-BE54-9A1E7A4F7556}") = "WeShopAlot.Testing.Repositories", "WeShopAlot.Testing.Repositories\WeShopAlot.Testing.Repositories.csproj", "{62058111-F5B2-4654-8257-9FD4CA800A90}"
EndProject
Project("{9A19103F-16F7-4668-BE54-9A1E7A4F7556}") = "WeShopAlot.Testing.Services", "WeShopAlot.Testing.Services\WeShopAlot.Testing.Services.csproj", "{47485263-C76D-470F-852A-B5719B5D6DE5}"
EndProject
Project("{9A19103F-16F7-4668-BE54-9A1E7A4F7556}") = "WeShopAlot.Testing.Shared", "WeShopAlot.Testing.Shared\WeShopAlot.Testing.Shared.csproj", "{D56C01FE-A749-4C1F-AB52-60932BB62A84}"
EndProject
Project("{9A19103F-16F7-4668-BE54-9A1E7A4F7556}") = "WeShopAlot.Testing.WebApis", "WeShopAlot.Testing.WebApis\WeShopAlot.Testing.WebApis.csproj", "{A6C3EE60-4B3C-418E-B3B3-D1EED6DD9B7E}"
EndProject
Project("{9A19103F-16F7-4668-BE54-9A1E7A4F7556}") = "WeShopAlot.Data.Import", "WeShopAlot.Data.Import\WeShopAlot.Data.Import.csproj", "{7D2AF1AB-E61F-4C13-91AA-038B79EC0151}"
EndProject
Project("{9A19103F-16F7-4668-BE54-9A1E7A4F7556}") = "WeShopAlot.Testing.XSLT", "WeShopAlot.Testing.XSLT\WeShopAlot.Testing.XSLT.csproj", "{D782FE8F-11E1-42B7-B396-B4194DD14A79}"
EndProject
Project("{2150E333-8FDC-42A3-9474-1A3956D46DE8}") = "UI", "UI", "{48F5F572-B577-4A0A-82B6-487EDAFF8BE9}"
EndProject
Project("{9A19103F-16F7-4668-BE54-9A1E7A4F7556}") = "WeShopAlot.UI.ClientMVC", "WeShopAlot.UI.ClientMVC\WeShopAlot.UI.ClientMVC.csproj", "{49B1F5A3-C63B-4968-B13A-1CEB6A99C7B7}"
EndProject
Project("{2150E333-8FDC-42A3-9474-1A3956D46DE8}") = "Shared", "Shared", "{91308915-931C-4E72-8259-7A04B2106C75}"
EndProject
Project("{9A19103F-16F7-4668-BE54-9A1E7A4F7556}") = "WeShopAlot.Shared", "WeShopAlot.Shared\WeShopAlot.Shared.csproj", "{96676B83-A2EE-437F-BE55-8C28F30D09AB}"
EndProject
Global
	GlobalSection(SolutionConfigurationPlatforms) = preSolution
		Debug|Any CPU = Debug|Any CPU
		Development|Any CPU = Development|Any CPU
		Release|Any CPU = Release|Any CPU
	EndGlobalSection
	GlobalSection(ProjectConfigurationPlatforms) = postSolution
		{FA229A17-DDF8-4926-AA6B-B78E0619BD2B}.Debug|Any CPU.ActiveCfg = Debug|Any CPU
		{FA229A17-DDF8-4926-AA6B-B78E0619BD2B}.Debug|Any CPU.Build.0 = Debug|Any CPU
		{FA229A17-DDF8-4926-AA6B-B78E0619BD2B}.Development|Any CPU.ActiveCfg = Debug|Any CPU
		{FA229A17-DDF8-4926-AA6B-B78E0619BD2B}.Development|Any CPU.Build.0 = Debug|Any CPU
		{FA229A17-DDF8-4926-AA6B-B78E0619BD2B}.Release|Any CPU.ActiveCfg = Release|Any CPU
		{FA229A17-DDF8-4926-AA6B-B78E0619BD2B}.Release|Any CPU.Build.0 = Release|Any CPU
		{C253C463-8E6D-4C2D-BE3B-28E2A16C0D53}.Debug|Any CPU.ActiveCfg = Debug|Any CPU
		{C253C463-8E6D-4C2D-BE3B-28E2A16C0D53}.Debug|Any CPU.Build.0 = Debug|Any CPU
		{C253C463-8E6D-4C2D-BE3B-28E2A16C0D53}.Development|Any CPU.ActiveCfg = Debug|Any CPU
		{C253C463-8E6D-4C2D-BE3B-28E2A16C0D53}.Development|Any CPU.Build.0 = Debug|Any CPU
		{C253C463-8E6D-4C2D-BE3B-28E2A16C0D53}.Release|Any CPU.ActiveCfg = Release|Any CPU
		{C253C463-8E6D-4C2D-BE3B-28E2A16C0D53}.Release|Any CPU.Build.0 = Release|Any CPU
		{B611F4F4-BA71-460D-8366-70881C09770E}.Debug|Any CPU.ActiveCfg = Debug|Any CPU
		{B611F4F4-BA71-460D-8366-70881C09770E}.Debug|Any CPU.Build.0 = Debug|Any CPU
		{B611F4F4-BA71-460D-8366-70881C09770E}.Development|Any CPU.ActiveCfg = Debug|Any CPU
		{B611F4F4-BA71-460D-8366-70881C09770E}.Development|Any CPU.Build.0 = Debug|Any CPU
		{B611F4F4-BA71-460D-8366-70881C09770E}.Release|Any CPU.ActiveCfg = Release|Any CPU
		{B611F4F4-BA71-460D-8366-70881C09770E}.Release|Any CPU.Build.0 = Release|Any CPU
		{0EA801F0-5CE6-4BCB-8CB8-AEDB961713C2}.Debug|Any CPU.ActiveCfg = Debug|Any CPU
		{0EA801F0-5CE6-4BCB-8CB8-AEDB961713C2}.Debug|Any CPU.Build.0 = Debug|Any CPU
		{0EA801F0-5CE6-4BCB-8CB8-AEDB961713C2}.Development|Any CPU.ActiveCfg = Debug|Any CPU
		{0EA801F0-5CE6-4BCB-8CB8-AEDB961713C2}.Development|Any CPU.Build.0 = Debug|Any CPU
		{0EA801F0-5CE6-4BCB-8CB8-AEDB961713C2}.Release|Any CPU.ActiveCfg = Release|Any CPU
		{0EA801F0-5CE6-4BCB-8CB8-AEDB961713C2}.Release|Any CPU.Build.0 = Release|Any CPU
		{1DF14110-8B20-451E-8049-499F99086026}.Debug|Any CPU.ActiveCfg = Debug|Any CPU
		{1DF14110-8B20-451E-8049-499F99086026}.Debug|Any CPU.Build.0 = Debug|Any CPU
		{1DF14110-8B20-451E-8049-499F99086026}.Development|Any CPU.ActiveCfg = Debug|Any CPU
		{1DF14110-8B20-451E-8049-499F99086026}.Development|Any CPU.Build.0 = Debug|Any CPU
		{1DF14110-8B20-451E-8049-499F99086026}.Release|Any CPU.ActiveCfg = Release|Any CPU
		{1DF14110-8B20-451E-8049-499F99086026}.Release|Any CPU.Build.0 = Release|Any CPU
		{62058111-F5B2-4654-8257-9FD4CA800A90}.Debug|Any CPU.ActiveCfg = Debug|Any CPU
		{62058111-F5B2-4654-8257-9FD4CA800A90}.Debug|Any CPU.Build.0 = Debug|Any CPU
		{62058111-F5B2-4654-8257-9FD4CA800A90}.Development|Any CPU.ActiveCfg = Debug|Any CPU
		{62058111-F5B2-4654-8257-9FD4CA800A90}.Development|Any CPU.Build.0 = Debug|Any CPU
		{62058111-F5B2-4654-8257-9FD4CA800A90}.Release|Any CPU.ActiveCfg = Release|Any CPU
		{62058111-F5B2-4654-8257-9FD4CA800A90}.Release|Any CPU.Build.0 = Release|Any CPU
		{47485263-C76D-470F-852A-B5719B5D6DE5}.Debug|Any CPU.ActiveCfg = Debug|Any CPU
		{47485263-C76D-470F-852A-B5719B5D6DE5}.Debug|Any CPU.Build.0 = Debug|Any CPU
		{47485263-C76D-470F-852A-B5719B5D6DE5}.Development|Any CPU.ActiveCfg = Debug|Any CPU
		{47485263-C76D-470F-852A-B5719B5D6DE5}.Development|Any CPU.Build.0 = Debug|Any CPU
		{47485263-C76D-470F-852A-B5719B5D6DE5}.Release|Any CPU.ActiveCfg = Release|Any CPU
		{47485263-C76D-470F-852A-B5719B5D6DE5}.Release|Any CPU.Build.0 = Release|Any CPU
		{D56C01FE-A749-4C1F-AB52-60932BB62A84}.Debug|Any CPU.ActiveCfg = Debug|Any CPU
		{D56C01FE-A749-4C1F-AB52-60932BB62A84}.Debug|Any CPU.Build.0 = Debug|Any CPU
		{D56C01FE-A749-4C1F-AB52-60932BB62A84}.Development|Any CPU.ActiveCfg = Debug|Any CPU
		{D56C01FE-A749-4C1F-AB52-60932BB62A84}.Development|Any CPU.Build.0 = Debug|Any CPU
		{D56C01FE-A749-4C1F-AB52-60932BB62A84}.Release|Any CPU.ActiveCfg = Release|Any CPU
		{D56C01FE-A749-4C1F-AB52-60932BB62A84}.Release|Any CPU.Build.0 = Release|Any CPU
		{A6C3EE60-4B3C-418E-B3B3-D1EED6DD9B7E}.Debug|Any CPU.ActiveCfg = Debug|Any CPU
		{A6C3EE60-4B3C-418E-B3B3-D1EED6DD9B7E}.Debug|Any CPU.Build.0 = Debug|Any CPU
		{A6C3EE60-4B3C-418E-B3B3-D1EED6DD9B7E}.Development|Any CPU.ActiveCfg = Debug|Any CPU
		{A6C3EE60-4B3C-418E-B3B3-D1EED6DD9B7E}.Development|Any CPU.Build.0 = Debug|Any CPU
		{A6C3EE60-4B3C-418E-B3B3-D1EED6DD9B7E}.Release|Any CPU.ActiveCfg = Release|Any CPU
		{A6C3EE60-4B3C-418E-B3B3-D1EED6DD9B7E}.Release|Any CPU.Build.0 = Release|Any CPU
		{7D2AF1AB-E61F-4C13-91AA-038B79EC0151}.Debug|Any CPU.ActiveCfg = Debug|Any CPU
		{7D2AF1AB-E61F-4C13-91AA-038B79EC0151}.Debug|Any CPU.Build.0 = Debug|Any CPU
		{7D2AF1AB-E61F-4C13-91AA-038B79EC0151}.Development|Any CPU.ActiveCfg = Debug|Any CPU
		{7D2AF1AB-E61F-4C13-91AA-038B79EC0151}.Development|Any CPU.Build.0 = Debug|Any CPU
		{7D2AF1AB-E61F-4C13-91AA-038B79EC0151}.Release|Any CPU.ActiveCfg = Release|Any CPU
		{7D2AF1AB-E61F-4C13-91AA-038B79EC0151}.Release|Any CPU.Build.0 = Release|Any CPU
		{D782FE8F-11E1-42B7-B396-B4194DD14A79}.Debug|Any CPU.ActiveCfg = Debug|Any CPU
		{D782FE8F-11E1-42B7-B396-B4194DD14A79}.Debug|Any CPU.Build.0 = Debug|Any CPU
		{D782FE8F-11E1-42B7-B396-B4194DD14A79}.Development|Any CPU.ActiveCfg = Debug|Any CPU
		{D782FE8F-11E1-42B7-B396-B4194DD14A79}.Development|Any CPU.Build.0 = Debug|Any CPU
		{D782FE8F-11E1-42B7-B396-B4194DD14A79}.Release|Any CPU.ActiveCfg = Release|Any CPU
		{D782FE8F-11E1-42B7-B396-B4194DD14A79}.Release|Any CPU.Build.0 = Release|Any CPU
		{49B1F5A3-C63B-4968-B13A-1CEB6A99C7B7}.Debug|Any CPU.ActiveCfg = Debug|Any CPU
		{49B1F5A3-C63B-4968-B13A-1CEB6A99C7B7}.Debug|Any CPU.Build.0 = Debug|Any CPU
		{49B1F5A3-C63B-4968-B13A-1CEB6A99C7B7}.Development|Any CPU.ActiveCfg = Debug|Any CPU
		{49B1F5A3-C63B-4968-B13A-1CEB6A99C7B7}.Development|Any CPU.Build.0 = Debug|Any CPU
		{49B1F5A3-C63B-4968-B13A-1CEB6A99C7B7}.Release|Any CPU.ActiveCfg = Release|Any CPU
		{49B1F5A3-C63B-4968-B13A-1CEB6A99C7B7}.Release|Any CPU.Build.0 = Release|Any CPU
		{96676B83-A2EE-437F-BE55-8C28F30D09AB}.Debug|Any CPU.ActiveCfg = Debug|Any CPU
		{96676B83-A2EE-437F-BE55-8C28F30D09AB}.Debug|Any CPU.Build.0 = Debug|Any CPU
		{96676B83-A2EE-437F-BE55-8C28F30D09AB}.Development|Any CPU.ActiveCfg = Debug|Any CPU
		{96676B83-A2EE-437F-BE55-8C28F30D09AB}.Development|Any CPU.Build.0 = Debug|Any CPU
		{96676B83-A2EE-437F-BE55-8C28F30D09AB}.Release|Any CPU.ActiveCfg = Release|Any CPU
		{96676B83-A2EE-437F-BE55-8C28F30D09AB}.Release|Any CPU.Build.0 = Release|Any CPU
	EndGlobalSection
	GlobalSection(SolutionProperties) = preSolution
		HideSolutionNode = FALSE
	EndGlobalSection
	GlobalSection(NestedProjects) = preSolution
		{FA229A17-DDF8-4926-AA6B-B78E0619BD2B} = {CD240354-E754-4DA2-8989-4990DB0E98D3}
		{C253C463-8E6D-4C2D-BE3B-28E2A16C0D53} = {DA49ED75-57A7-41E3-A984-11E70A476822}
		{B611F4F4-BA71-460D-8366-70881C09770E} = {DA49ED75-57A7-41E3-A984-11E70A476822}
		{0EA801F0-5CE6-4BCB-8CB8-AEDB961713C2} = {DA49ED75-57A7-41E3-A984-11E70A476822}
		{1DF14110-8B20-451E-8049-499F99086026} = {BD647F45-6867-472C-9996-37C37ED90DE4}
		{62058111-F5B2-4654-8257-9FD4CA800A90} = {4C982EF3-840F-43A2-946A-0DD480E1D45E}
		{47485263-C76D-470F-852A-B5719B5D6DE5} = {4C982EF3-840F-43A2-946A-0DD480E1D45E}
		{D56C01FE-A749-4C1F-AB52-60932BB62A84} = {4C982EF3-840F-43A2-946A-0DD480E1D45E}
		{A6C3EE60-4B3C-418E-B3B3-D1EED6DD9B7E} = {4C982EF3-840F-43A2-946A-0DD480E1D45E}
		{7D2AF1AB-E61F-4C13-91AA-038B79EC0151} = {DA49ED75-57A7-41E3-A984-11E70A476822}
		{D782FE8F-11E1-42B7-B396-B4194DD14A79} = {4C982EF3-840F-43A2-946A-0DD480E1D45E}
		{49B1F5A3-C63B-4968-B13A-1CEB6A99C7B7} = {48F5F572-B577-4A0A-82B6-487EDAFF8BE9}
		{96676B83-A2EE-437F-BE55-8C28F30D09AB} = {91308915-931C-4E72-8259-7A04B2106C75}
	EndGlobalSection
	GlobalSection(ExtensibilityGlobals) = postSolution
		SolutionGuid = {661D00F8-52B7-40A2-98D0-43F82D970D28}
	EndGlobalSection
EndGlobal
